
Microsoft Visual Studio Solution File, Format Version 12.00
# Visual Studio Version 16
VisualStudioVersion = 16.0.31624.102
MinimumVisualStudioVersion = 10.0.40219.1
Project("{8BC9CEB8-8B4A-11D0-8D11-00A0C91BC942}") = "SW-1", "SW-1\SW-1.vcxproj", "{5C2FFA24-3FCA-47FF-941B-A108FD21CC08}"
EndProject
Global
	GlobalSection(SolutionConfigurationPlatforms) = preSolution
		Debug|x64 = Debug|x64
		Debug|x86 = Debug|x86
		Release|x64 = Release|x64
		Release|x86 = Release|x86
	EndGlobalSection
	GlobalSection(ProjectConfigurationPlatforms) = postSolution
		{5C2FFA24-3FCA-47FF-941B-A108FD21CC08}.Debug|x64.ActiveCfg = Debug|x64
		{5C2FFA24-3FCA-47FF-941B-A108FD21CC08}.Debug|x64.Build.0 = Debug|x64
		{5C2FFA24-3FCA-47FF-941B-A108FD21CC08}.Debug|x86.ActiveCfg = Debug|Win32
		{5C2FFA24-3FCA-47FF-941B-A108FD21CC08}.Debug|x86.Build.0 = Debug|Win32
		{5C2FFA24-3FCA-47FF-941B-A108FD21CC08}.Release|x64.ActiveCfg = Release|x64
		{5C2FFA24-3FCA-47FF-941B-A108FD21CC08}.Release|x64.Build.0 = Release|x64
		{5C2FFA24-3FCA-47FF-941B-A108FD21CC08}.Release|x86.ActiveCfg = Release|Win32
		{5C2FFA24-3FCA-47FF-941B-A108FD21CC08}.Release|x86.Build.0 = Release|Win32
	EndGlobalSection
	GlobalSection(SolutionProperties) = preSolution
		HideSolutionNode = FALSE
	EndGlobalSection
	GlobalSection(ExtensibilityGlobals) = postSolution
		SolutionGuid = {5DA2EB36-F0CA-4723-BB3F-0E268E775BEB}
	EndGlobalSection
EndGlobal
